// !$*UTF8*$!
{
	archiveVersion = 1;
	classes = {
	};
	objectVersion = 50;
	objects = {

/* Begin PBXBuildFile section */
		550F58A125C9237B009DBD03 /* Alamofire.framework in Frameworks */ = {isa = PBXBuildFile; fileRef = 550F58A025C9237B009DBD03 /* Alamofire.framework */; };
		550F58A225C9237B009DBD03 /* Alamofire.framework in Embed Frameworks */ = {isa = PBXBuildFile; fileRef = 550F58A025C9237B009DBD03 /* Alamofire.framework */; settings = {ATTRIBUTES = (CodeSignOnCopy, RemoveHeadersOnCopy, ); }; };
		550F58AD25C940FE009DBD03 /* SwiftyJSON.framework in Frameworks */ = {isa = PBXBuildFile; fileRef = 550F58AC25C940FE009DBD03 /* SwiftyJSON.framework */; };
		550F58AE25C940FE009DBD03 /* SwiftyJSON.framework in Embed Frameworks */ = {isa = PBXBuildFile; fileRef = 550F58AC25C940FE009DBD03 /* SwiftyJSON.framework */; settings = {ATTRIBUTES = (CodeSignOnCopy, RemoveHeadersOnCopy, ); }; };
		55B23AD325C7D5FC00ED8733 /* AppDelegate.swift in Sources */ = {isa = PBXBuildFile; fileRef = 55B23AD225C7D5FC00ED8733 /* AppDelegate.swift */; };
		55B23AD525C7D5FD00ED8733 /* Assets.xcassets in Resources */ = {isa = PBXBuildFile; fileRef = 55B23AD425C7D5FD00ED8733 /* Assets.xcassets */; };
		55B23AD825C7D5FD00ED8733 /* MainMenu.xib in Resources */ = {isa = PBXBuildFile; fileRef = 55B23AD625C7D5FD00ED8733 /* MainMenu.xib */; };
		55B23AE425C7D5FD00ED8733 /* UploadTests.swift in Sources */ = {isa = PBXBuildFile; fileRef = 55B23AE325C7D5FD00ED8733 /* UploadTests.swift */; };
		55B23AEF25C7D5FD00ED8733 /* UploadUITests.swift in Sources */ = {isa = PBXBuildFile; fileRef = 55B23AEE25C7D5FD00ED8733 /* UploadUITests.swift */; };
		55B23B0025C7D67D00ED8733 /* TopViewController.swift in Sources */ = {isa = PBXBuildFile; fileRef = 55B23AFF25C7D67D00ED8733 /* TopViewController.swift */; };
		55B23B0525C8EB9300ED8733 /* UploadView.swift in Sources */ = {isa = PBXBuildFile; fileRef = 55B23B0425C8EB9300ED8733 /* UploadView.swift */; };
/* End PBXBuildFile section */

/* Begin PBXContainerItemProxy section */
		55B23AE025C7D5FD00ED8733 /* PBXContainerItemProxy */ = {
			isa = PBXContainerItemProxy;
			containerPortal = 55B23AC725C7D5FC00ED8733 /* Project object */;
			proxyType = 1;
			remoteGlobalIDString = 55B23ACE25C7D5FC00ED8733;
			remoteInfo = Upload;
		};
		55B23AEB25C7D5FD00ED8733 /* PBXContainerItemProxy */ = {
			isa = PBXContainerItemProxy;
			containerPortal = 55B23AC725C7D5FC00ED8733 /* Project object */;
			proxyType = 1;
			remoteGlobalIDString = 55B23ACE25C7D5FC00ED8733;
			remoteInfo = Upload;
		};
/* End PBXContainerItemProxy section */

/* Begin PBXCopyFilesBuildPhase section */
		550F58A325C9237B009DBD03 /* Embed Frameworks */ = {
			isa = PBXCopyFilesBuildPhase;
			buildActionMask = 2147483647;
			dstPath = "";
			dstSubfolderSpec = 10;
			files = (
				550F58AE25C940FE009DBD03 /* SwiftyJSON.framework in Embed Frameworks */,
				550F58A225C9237B009DBD03 /* Alamofire.framework in Embed Frameworks */,
			);
			name = "Embed Frameworks";
			runOnlyForDeploymentPostprocessing = 0;
		};
/* End PBXCopyFilesBuildPhase section */

/* Begin PBXFileReference section */
		550F58A025C9237B009DBD03 /* Alamofire.framework */ = {isa = PBXFileReference; lastKnownFileType = wrapper.framework; name = Alamofire.framework; path = Carthage/Build/Mac/Alamofire.framework; sourceTree = "<group>"; };
		550F58AC25C940FE009DBD03 /* SwiftyJSON.framework */ = {isa = PBXFileReference; lastKnownFileType = wrapper.framework; name = SwiftyJSON.framework; path = Carthage/Build/Mac/SwiftyJSON.framework; sourceTree = "<group>"; };
		55B23ACF25C7D5FC00ED8733 /* Upload.app */ = {isa = PBXFileReference; explicitFileType = wrapper.application; includeInIndex = 0; path = Upload.app; sourceTree = BUILT_PRODUCTS_DIR; };
		55B23AD225C7D5FC00ED8733 /* AppDelegate.swift */ = {isa = PBXFileReference; lastKnownFileType = sourcecode.swift; path = AppDelegate.swift; sourceTree = "<group>"; };
		55B23AD425C7D5FD00ED8733 /* Assets.xcassets */ = {isa = PBXFileReference; lastKnownFileType = folder.assetcatalog; path = Assets.xcassets; sourceTree = "<group>"; };
		55B23AD725C7D5FD00ED8733 /* Base */ = {isa = PBXFileReference; lastKnownFileType = file.xib; name = Base; path = Base.lproj/MainMenu.xib; sourceTree = "<group>"; };
		55B23AD925C7D5FD00ED8733 /* Info.plist */ = {isa = PBXFileReference; lastKnownFileType = text.plist.xml; path = Info.plist; sourceTree = "<group>"; };
		55B23ADA25C7D5FD00ED8733 /* Upload.entitlements */ = {isa = PBXFileReference; lastKnownFileType = text.plist.entitlements; path = Upload.entitlements; sourceTree = "<group>"; };
		55B23ADF25C7D5FD00ED8733 /* UploadTests.xctest */ = {isa = PBXFileReference; explicitFileType = wrapper.cfbundle; includeInIndex = 0; path = UploadTests.xctest; sourceTree = BUILT_PRODUCTS_DIR; };
		55B23AE325C7D5FD00ED8733 /* UploadTests.swift */ = {isa = PBXFileReference; lastKnownFileType = sourcecode.swift; path = UploadTests.swift; sourceTree = "<group>"; };
		55B23AE525C7D5FD00ED8733 /* Info.plist */ = {isa = PBXFileReference; lastKnownFileType = text.plist.xml; path = Info.plist; sourceTree = "<group>"; };
		55B23AEA25C7D5FD00ED8733 /* UploadUITests.xctest */ = {isa = PBXFileReference; explicitFileType = wrapper.cfbundle; includeInIndex = 0; path = UploadUITests.xctest; sourceTree = BUILT_PRODUCTS_DIR; };
		55B23AEE25C7D5FD00ED8733 /* UploadUITests.swift */ = {isa = PBXFileReference; lastKnownFileType = sourcecode.swift; path = UploadUITests.swift; sourceTree = "<group>"; };
		55B23AF025C7D5FD00ED8733 /* Info.plist */ = {isa = PBXFileReference; lastKnownFileType = text.plist.xml; path = Info.plist; sourceTree = "<group>"; };
		55B23AFF25C7D67D00ED8733 /* TopViewController.swift */ = {isa = PBXFileReference; lastKnownFileType = sourcecode.swift; path = TopViewController.swift; sourceTree = "<group>"; };
		55B23B0425C8EB9300ED8733 /* UploadView.swift */ = {isa = PBXFileReference; lastKnownFileType = sourcecode.swift; path = UploadView.swift; sourceTree = "<group>"; };
/* End PBXFileReference section */

/* Begin PBXFrameworksBuildPhase section */
		55B23ACC25C7D5FC00ED8733 /* Frameworks */ = {
			isa = PBXFrameworksBuildPhase;
			buildActionMask = 2147483647;
			files = (
				550F58AD25C940FE009DBD03 /* SwiftyJSON.framework in Frameworks */,
				550F58A125C9237B009DBD03 /* Alamofire.framework in Frameworks */,
			);
			runOnlyForDeploymentPostprocessing = 0;
		};
		55B23ADC25C7D5FD00ED8733 /* Frameworks */ = {
			isa = PBXFrameworksBuildPhase;
			buildActionMask = 2147483647;
			files = (
			);
			runOnlyForDeploymentPostprocessing = 0;
		};
		55B23AE725C7D5FD00ED8733 /* Frameworks */ = {
			isa = PBXFrameworksBuildPhase;
			buildActionMask = 2147483647;
			files = (
			);
			runOnlyForDeploymentPostprocessing = 0;
		};
/* End PBXFrameworksBuildPhase section */

/* Begin PBXGroup section */
		550F589F25C9237B009DBD03 /* Frameworks */ = {
			isa = PBXGroup;
			children = (
				550F58AC25C940FE009DBD03 /* SwiftyJSON.framework */,
				550F58A025C9237B009DBD03 /* Alamofire.framework */,
			);
			name = Frameworks;
			sourceTree = "<group>";
		};
		55B23AC625C7D5FC00ED8733 = {
			isa = PBXGroup;
			children = (
				55B23AD125C7D5FC00ED8733 /* Upload */,
				55B23AE225C7D5FD00ED8733 /* UploadTests */,
				55B23AED25C7D5FD00ED8733 /* UploadUITests */,
				55B23AD025C7D5FC00ED8733 /* Products */,
				550F589F25C9237B009DBD03 /* Frameworks */,
			);
			sourceTree = "<group>";
		};
		55B23AD025C7D5FC00ED8733 /* Products */ = {
			isa = PBXGroup;
			children = (
				55B23ACF25C7D5FC00ED8733 /* Upload.app */,
				55B23ADF25C7D5FD00ED8733 /* UploadTests.xctest */,
				55B23AEA25C7D5FD00ED8733 /* UploadUITests.xctest */,
			);
			name = Products;
			sourceTree = "<group>";
		};
		55B23AD125C7D5FC00ED8733 /* Upload */ = {
			isa = PBXGroup;
			children = (
				55B23AD225C7D5FC00ED8733 /* AppDelegate.swift */,
				55B23B0425C8EB9300ED8733 /* UploadView.swift */,
				55B23AFF25C7D67D00ED8733 /* TopViewController.swift */,
				55B23AD425C7D5FD00ED8733 /* Assets.xcassets */,
				55B23AD625C7D5FD00ED8733 /* MainMenu.xib */,
				55B23AD925C7D5FD00ED8733 /* Info.plist */,
				55B23ADA25C7D5FD00ED8733 /* Upload.entitlements */,
			);
			path = Upload;
			sourceTree = "<group>";
		};
		55B23AE225C7D5FD00ED8733 /* UploadTests */ = {
			isa = PBXGroup;
			children = (
				55B23AE325C7D5FD00ED8733 /* UploadTests.swift */,
				55B23AE525C7D5FD00ED8733 /* Info.plist */,
			);
			path = UploadTests;
			sourceTree = "<group>";
		};
		55B23AED25C7D5FD00ED8733 /* UploadUITests */ = {
			isa = PBXGroup;
			children = (
				55B23AEE25C7D5FD00ED8733 /* UploadUITests.swift */,
				55B23AF025C7D5FD00ED8733 /* Info.plist */,
			);
			path = UploadUITests;
			sourceTree = "<group>";
		};
/* End PBXGroup section */

/* Begin PBXNativeTarget section */
		55B23ACE25C7D5FC00ED8733 /* Upload */ = {
			isa = PBXNativeTarget;
			buildConfigurationList = 55B23AF325C7D5FD00ED8733 /* Build configuration list for PBXNativeTarget "Upload" */;
			buildPhases = (
				55B23ACB25C7D5FC00ED8733 /* Sources */,
				55B23ACC25C7D5FC00ED8733 /* Frameworks */,
				55B23ACD25C7D5FC00ED8733 /* Resources */,
				550F58A325C9237B009DBD03 /* Embed Frameworks */,
			);
			buildRules = (
			);
			dependencies = (
			);
			name = Upload;
			productName = Upload;
			productReference = 55B23ACF25C7D5FC00ED8733 /* Upload.app */;
			productType = "com.apple.product-type.application";
		};
		55B23ADE25C7D5FD00ED8733 /* UploadTests */ = {
			isa = PBXNativeTarget;
			buildConfigurationList = 55B23AF625C7D5FD00ED8733 /* Build configuration list for PBXNativeTarget "UploadTests" */;
			buildPhases = (
				55B23ADB25C7D5FD00ED8733 /* Sources */,
				55B23ADC25C7D5FD00ED8733 /* Frameworks */,
				55B23ADD25C7D5FD00ED8733 /* Resources */,
			);
			buildRules = (
			);
			dependencies = (
				55B23AE125C7D5FD00ED8733 /* PBXTargetDependency */,
			);
			name = UploadTests;
			productName = UploadTests;
			productReference = 55B23ADF25C7D5FD00ED8733 /* UploadTests.xctest */;
			productType = "com.apple.product-type.bundle.unit-test";
		};
		55B23AE925C7D5FD00ED8733 /* UploadUITests */ = {
			isa = PBXNativeTarget;
			buildConfigurationList = 55B23AF925C7D5FD00ED8733 /* Build configuration list for PBXNativeTarget "UploadUITests" */;
			buildPhases = (
				55B23AE625C7D5FD00ED8733 /* Sources */,
				55B23AE725C7D5FD00ED8733 /* Frameworks */,
				55B23AE825C7D5FD00ED8733 /* Resources */,
			);
			buildRules = (
			);
			dependencies = (
				55B23AEC25C7D5FD00ED8733 /* PBXTargetDependency */,
			);
			name = UploadUITests;
			productName = UploadUITests;
			productReference = 55B23AEA25C7D5FD00ED8733 /* UploadUITests.xctest */;
			productType = "com.apple.product-type.bundle.ui-testing";
		};
/* End PBXNativeTarget section */

/* Begin PBXProject section */
		55B23AC725C7D5FC00ED8733 /* Project object */ = {
			isa = PBXProject;
			attributes = {
				LastSwiftUpdateCheck = 1240;
				LastUpgradeCheck = 1240;
				TargetAttributes = {
					55B23ACE25C7D5FC00ED8733 = {
						CreatedOnToolsVersion = 12.4;
					};
					55B23ADE25C7D5FD00ED8733 = {
						CreatedOnToolsVersion = 12.4;
						TestTargetID = 55B23ACE25C7D5FC00ED8733;
					};
					55B23AE925C7D5FD00ED8733 = {
						CreatedOnToolsVersion = 12.4;
						TestTargetID = 55B23ACE25C7D5FC00ED8733;
					};
				};
			};
			buildConfigurationList = 55B23ACA25C7D5FC00ED8733 /* Build configuration list for PBXProject "Upload" */;
			compatibilityVersion = "Xcode 9.3";
			developmentRegion = en;
			hasScannedForEncodings = 0;
			knownRegions = (
				en,
				Base,
			);
			mainGroup = 55B23AC625C7D5FC00ED8733;
			productRefGroup = 55B23AD025C7D5FC00ED8733 /* Products */;
			projectDirPath = "";
			projectRoot = "";
			targets = (
				55B23ACE25C7D5FC00ED8733 /* Upload */,
				55B23ADE25C7D5FD00ED8733 /* UploadTests */,
				55B23AE925C7D5FD00ED8733 /* UploadUITests */,
			);
		};
/* End PBXProject section */

/* Begin PBXResourcesBuildPhase section */
		55B23ACD25C7D5FC00ED8733 /* Resources */ = {
			isa = PBXResourcesBuildPhase;
			buildActionMask = 2147483647;
			files = (
				55B23AD525C7D5FD00ED8733 /* Assets.xcassets in Resources */,
				55B23AD825C7D5FD00ED8733 /* MainMenu.xib in Resources */,
			);
			runOnlyForDeploymentPostprocessing = 0;
		};
		55B23ADD25C7D5FD00ED8733 /* Resources */ = {
			isa = PBXResourcesBuildPhase;
			buildActionMask = 2147483647;
			files = (
			);
			runOnlyForDeploymentPostprocessing = 0;
		};
		55B23AE825C7D5FD00ED8733 /* Resources */ = {
			isa = PBXResourcesBuildPhase;
			buildActionMask = 2147483647;
			files = (
			);
			runOnlyForDeploymentPostprocessing = 0;
		};
/* End PBXResourcesBuildPhase section */

/* Begin PBXSourcesBuildPhase section */
		55B23ACB25C7D5FC00ED8733 /* Sources */ = {
			isa = PBXSourcesBuildPhase;
			buildActionMask = 2147483647;
			files = (
				55B23B0525C8EB9300ED8733 /* UploadView.swift in Sources */,
				55B23B0025C7D67D00ED8733 /* TopViewController.swift in Sources */,
				55B23AD325C7D5FC00ED8733 /* AppDelegate.swift in Sources */,
			);
			runOnlyForDeploymentPostprocessing = 0;
		};
		55B23ADB25C7D5FD00ED8733 /* Sources */ = {
			isa = PBXSourcesBuildPhase;
			buildActionMask = 2147483647;
			files = (
				55B23AE425C7D5FD00ED8733 /* UploadTests.swift in Sources */,
			);
			runOnlyForDeploymentPostprocessing = 0;
		};
		55B23AE625C7D5FD00ED8733 /* Sources */ = {
			isa = PBXSourcesBuildPhase;
			buildActionMask = 2147483647;
			files = (
				55B23AEF25C7D5FD00ED8733 /* UploadUITests.swift in Sources */,
			);
			runOnlyForDeploymentPostprocessing = 0;
		};
/* End PBXSourcesBuildPhase section */

/* Begin PBXTargetDependency section */
		55B23AE125C7D5FD00ED8733 /* PBXTargetDependency */ = {
			isa = PBXTargetDependency;
			target = 55B23ACE25C7D5FC00ED8733 /* Upload */;
			targetProxy = 55B23AE025C7D5FD00ED8733 /* PBXContainerItemProxy */;
		};
		55B23AEC25C7D5FD00ED8733 /* PBXTargetDependency */ = {
			isa = PBXTargetDependency;
			target = 55B23ACE25C7D5FC00ED8733 /* Upload */;
			targetProxy = 55B23AEB25C7D5FD00ED8733 /* PBXContainerItemProxy */;
		};
/* End PBXTargetDependency section */

/* Begin PBXVariantGroup section */
		55B23AD625C7D5FD00ED8733 /* MainMenu.xib */ = {
			isa = PBXVariantGroup;
			children = (
				55B23AD725C7D5FD00ED8733 /* Base */,
			);
			name = MainMenu.xib;
			sourceTree = "<group>";
		};
/* End PBXVariantGroup section */

/* Begin XCBuildConfiguration section */
		55B23AF125C7D5FD00ED8733 /* Debug */ = {
			isa = XCBuildConfiguration;
			buildSettings = {
				ALWAYS_SEARCH_USER_PATHS = NO;
				CLANG_ANALYZER_NONNULL = YES;
				CLANG_ANALYZER_NUMBER_OBJECT_CONVERSION = YES_AGGRESSIVE;
				CLANG_CXX_LANGUAGE_STANDARD = "gnu++14";
				CLANG_CXX_LIBRARY = "libc++";
				CLANG_ENABLE_MODULES = YES;
				CLANG_ENABLE_OBJC_ARC = YES;
				CLANG_ENABLE_OBJC_WEAK = YES;
				CLANG_WARN_BLOCK_CAPTURE_AUTORELEASING = YES;
				CLANG_WARN_BOOL_CONVERSION = YES;
				CLANG_WARN_COMMA = YES;
				CLANG_WARN_CONSTANT_CONVERSION = YES;
				CLANG_WARN_DEPRECATED_OBJC_IMPLEMENTATIONS = YES;
				CLANG_WARN_DIRECT_OBJC_ISA_USAGE = YES_ERROR;
				CLANG_WARN_DOCUMENTATION_COMMENTS = YES;
				CLANG_WARN_EMPTY_BODY = YES;
				CLANG_WARN_ENUM_CONVERSION = YES;
				CLANG_WARN_INFINITE_RECURSION = YES;
				CLANG_WARN_INT_CONVERSION = YES;
				CLANG_WARN_NON_LITERAL_NULL_CONVERSION = YES;
				CLANG_WARN_OBJC_IMPLICIT_RETAIN_SELF = YES;
				CLANG_WARN_OBJC_LITERAL_CONVERSION = YES;
				CLANG_WARN_OBJC_ROOT_CLASS = YES_ERROR;
				CLANG_WARN_QUOTED_INCLUDE_IN_FRAMEWORK_HEADER = YES;
				CLANG_WARN_RANGE_LOOP_ANALYSIS = YES;
				CLANG_WARN_STRICT_PROTOTYPES = YES;
				CLANG_WARN_SUSPICIOUS_MOVE = YES;
				CLANG_WARN_UNGUARDED_AVAILABILITY = YES_AGGRESSIVE;
				CLANG_WARN_UNREACHABLE_CODE = YES;
				CLANG_WARN__DUPLICATE_METHOD_MATCH = YES;
				COPY_PHASE_STRIP = NO;
				DEBUG_INFORMATION_FORMAT = dwarf;
				ENABLE_STRICT_OBJC_MSGSEND = YES;
				ENABLE_TESTABILITY = YES;
				GCC_C_LANGUAGE_STANDARD = gnu11;
				GCC_DYNAMIC_NO_PIC = NO;
				GCC_NO_COMMON_BLOCKS = YES;
				GCC_OPTIMIZATION_LEVEL = 0;
				GCC_PREPROCESSOR_DEFINITIONS = (
					"DEBUG=1",
					"$(inherited)",
				);
				GCC_WARN_64_TO_32_BIT_CONVERSION = YES;
				GCC_WARN_ABOUT_RETURN_TYPE = YES_ERROR;
				GCC_WARN_UNDECLARED_SELECTOR = YES;
				GCC_WARN_UNINITIALIZED_AUTOS = YES_AGGRESSIVE;
				GCC_WARN_UNUSED_FUNCTION = YES;
				GCC_WARN_UNUSED_VARIABLE = YES;
				MACOSX_DEPLOYMENT_TARGET = 11.1;
				MTL_ENABLE_DEBUG_INFO = INCLUDE_SOURCE;
				MTL_FAST_MATH = YES;
				ONLY_ACTIVE_ARCH = YES;
				SDKROOT = macosx;
				SWIFT_ACTIVE_COMPILATION_CONDITIONS = DEBUG;
				SWIFT_OPTIMIZATION_LEVEL = "-Onone";
			};
			name = Debug;
		};
		55B23AF225C7D5FD00ED8733 /* Release */ = {
			isa = XCBuildConfiguration;
			buildSettings = {
				ALWAYS_SEARCH_USER_PATHS = NO;
				CLANG_ANALYZER_NONNULL = YES;
				CLANG_ANALYZER_NUMBER_OBJECT_CONVERSION = YES_AGGRESSIVE;
				CLANG_CXX_LANGUAGE_STANDARD = "gnu++14";
				CLANG_CXX_LIBRARY = "libc++";
				CLANG_ENABLE_MODULES = YES;
				CLANG_ENABLE_OBJC_ARC = YES;
				CLANG_ENABLE_OBJC_WEAK = YES;
				CLANG_WARN_BLOCK_CAPTURE_AUTORELEASING = YES;
				CLANG_WARN_BOOL_CONVERSION = YES;
				CLANG_WARN_COMMA = YES;
				CLANG_WARN_CONSTANT_CONVERSION = YES;
				CLANG_WARN_DEPRECATED_OBJC_IMPLEMENTATIONS = YES;
				CLANG_WARN_DIRECT_OBJC_ISA_USAGE = YES_ERROR;
				CLANG_WARN_DOCUMENTATION_COMMENTS = YES;
				CLANG_WARN_EMPTY_BODY = YES;
				CLANG_WARN_ENUM_CONVERSION = YES;
				CLANG_WARN_INFINITE_RECURSION = YES;
				CLANG_WARN_INT_CONVERSION = YES;
				CLANG_WARN_NON_LITERAL_NULL_CONVERSION = YES;
				CLANG_WARN_OBJC_IMPLICIT_RETAIN_SELF = YES;
				CLANG_WARN_OBJC_LITERAL_CONVERSION = YES;
				CLANG_WARN_OBJC_ROOT_CLASS = YES_ERROR;
				CLANG_WARN_QUOTED_INCLUDE_IN_FRAMEWORK_HEADER = YES;
				CLANG_WARN_RANGE_LOOP_ANALYSIS = YES;
				CLANG_WARN_STRICT_PROTOTYPES = YES;
				CLANG_WARN_SUSPICIOUS_MOVE = YES;
				CLANG_WARN_UNGUARDED_AVAILABILITY = YES_AGGRESSIVE;
				CLANG_WARN_UNREACHABLE_CODE = YES;
				CLANG_WARN__DUPLICATE_METHOD_MATCH = YES;
				COPY_PHASE_STRIP = NO;
				DEBUG_INFORMATION_FORMAT = "dwarf-with-dsym";
				ENABLE_NS_ASSERTIONS = NO;
				ENABLE_STRICT_OBJC_MSGSEND = YES;
				GCC_C_LANGUAGE_STANDARD = gnu11;
				GCC_NO_COMMON_BLOCKS = YES;
				GCC_WARN_64_TO_32_BIT_CONVERSION = YES;
				GCC_WARN_ABOUT_RETURN_TYPE = YES_ERROR;
				GCC_WARN_UNDECLARED_SELECTOR = YES;
				GCC_WARN_UNINITIALIZED_AUTOS = YES_AGGRESSIVE;
				GCC_WARN_UNUSED_FUNCTION = YES;
				GCC_WARN_UNUSED_VARIABLE = YES;
				MACOSX_DEPLOYMENT_TARGET = 11.1;
				MTL_ENABLE_DEBUG_INFO = NO;
				MTL_FAST_MATH = YES;
				SDKROOT = macosx;
				SWIFT_COMPILATION_MODE = wholemodule;
				SWIFT_OPTIMIZATION_LEVEL = "-O";
			};
			name = Release;
		};
		55B23AF425C7D5FD00ED8733 /* Debug */ = {
			isa = XCBuildConfiguration;
			buildSettings = {
				ASSETCATALOG_COMPILER_APPICON_NAME = AppIcon;
				ASSETCATALOG_COMPILER_GLOBAL_ACCENT_COLOR_NAME = AccentColor;
				CODE_SIGN_ENTITLEMENTS = Upload/Upload.entitlements;
				CODE_SIGN_STYLE = Automatic;
				COMBINE_HIDPI_IMAGES = YES;
				DEVELOPMENT_TEAM = QHC97Y76HC;
				ENABLE_HARDENED_RUNTIME = YES;
				FRAMEWORK_SEARCH_PATHS = (
					"$(inherited)",
					"$(PROJECT_DIR)/Carthage/Build/Mac",
				);
				INFOPLIST_FILE = Upload/Info.plist;
				LD_RUNPATH_SEARCH_PATHS = (
					"$(inherited)",
					"@executable_path/../Frameworks",
				);
				PRODUCT_BUNDLE_IDENTIFIER = com.kashjack.i.www.Upload;
				PRODUCT_NAME = "$(TARGET_NAME)";
				SWIFT_VERSION = 5.0;
			};
			name = Debug;
		};
		55B23AF525C7D5FD00ED8733 /* Release */ = {
			isa = XCBuildConfiguration;
			buildSettings = {
				ASSETCATALOG_COMPILER_APPICON_NAME = AppIcon;
				ASSETCATALOG_COMPILER_GLOBAL_ACCENT_COLOR_NAME = AccentColor;
				CODE_SIGN_ENTITLEMENTS = Upload/Upload.entitlements;
				CODE_SIGN_STYLE = Automatic;
				COMBINE_HIDPI_IMAGES = YES;
				DEVELOPMENT_TEAM = QHC97Y76HC;
				ENABLE_HARDENED_RUNTIME = YES;
				FRAMEWORK_SEARCH_PATHS = (
					"$(inherited)",
					"$(PROJECT_DIR)/Carthage/Build/Mac",
				);
				INFOPLIST_FILE = Upload/Info.plist;
				LD_RUNPATH_SEARCH_PATHS = (
					"$(inherited)",
					"@executable_path/../Frameworks",
				);
				PRODUCT_BUNDLE_IDENTIFIER = com.kashjack.i.www.Upload;
				PRODUCT_NAME = "$(TARGET_NAME)";
				SWIFT_VERSION = 5.0;
			};
			name = Release;
		};
		55B23AF725C7D5FD00ED8733 /* Debug */ = {
			isa = XCBuildConfiguration;
			buildSettings = {
				ALWAYS_EMBED_SWIFT_STANDARD_LIBRARIES = YES;
				BUNDLE_LOADER = "$(TEST_HOST)";
				CODE_SIGN_STYLE = Automatic;
				COMBINE_HIDPI_IMAGES = YES;
				DEVELOPMENT_TEAM = QHC97Y76HC;
				INFOPLIST_FILE = UploadTests/Info.plist;
				LD_RUNPATH_SEARCH_PATHS = (
					"$(inherited)",
					"@executable_path/../Frameworks",
					"@loader_path/../Frameworks",
				);
				MACOSX_DEPLOYMENT_TARGET = 11.1;
				PRODUCT_BUNDLE_IDENTIFIER = com.kashjack.i.www.UploadTests;
				PRODUCT_NAME = "$(TARGET_NAME)";
				SWIFT_VERSION = 5.0;
				TEST_HOST = "$(BUILT_PRODUCTS_DIR)/Upload.app/Contents/MacOS/Upload";
			};
			name = Debug;
		};
		55B23AF825C7D5FD00ED8733 /* Release */ = {
			isa = XCBuildConfiguration;
			buildSettings = {
				ALWAYS_EMBED_SWIFT_STANDARD_LIBRARIES = YES;
				BUNDLE_LOADER = "$(TEST_HOST)";
				CODE_SIGN_STYLE = Automatic;
				COMBINE_HIDPI_IMAGES = YES;
				DEVELOPMENT_TEAM = QHC97Y76HC;
				INFOPLIST_FILE = UploadTests/Info.plist;
				LD_RUNPATH_SEARCH_PATHS = (
					"$(inherited)",
					"@executable_path/../Frameworks",
					"@loader_path/../Frameworks",
				);
				MACOSX_DEPLOYMENT_TARGET = 11.1;
				PRODUCT_BUNDLE_IDENTIFIER = com.kashjack.i.www.UploadTests;
				PRODUCT_NAME = "$(TARGET_NAME)";
				SWIFT_VERSION = 5.0;
				TEST_HOST = "$(BUILT_PRODUCTS_DIR)/Upload.app/Contents/MacOS/Upload";
			};
			name = Release;
		};
		55B23AFA25C7D5FD00ED8733 /* Debug */ = {
			isa = XCBuildConfiguration;
			buildSettings = {
				ALWAYS_EMBED_SWIFT_STANDARD_LIBRARIES = YES;
				CODE_SIGN_STYLE = Automatic;
				COMBINE_HIDPI_IMAGES = YES;
				DEVELOPMENT_TEAM = QHC97Y76HC;
				INFOPLIST_FILE = UploadUITests/Info.plist;
				LD_RUNPATH_SEARCH_PATHS = (
					"$(inherited)",
					"@executable_path/../Frameworks",
					"@loader_path/../Frameworks",
				);
				PRODUCT_BUNDLE_IDENTIFIER = com.kashjack.i.www.UploadUITests;
				PRODUCT_NAME = "$(TARGET_NAME)";
				SWIFT_VERSION = 5.0;
				TEST_TARGET_NAME = Upload;
			};
			name = Debug;
		};
		55B23AFB25C7D5FD00ED8733 /* Release */ = {
			isa = XCBuildConfiguration;
			buildSettings = {
				ALWAYS_EMBED_SWIFT_STANDARD_LIBRARIES = YES;
				CODE_SIGN_STYLE = Automatic;
				COMBINE_HIDPI_IMAGES = YES;
				DEVELOPMENT_TEAM = QHC97Y76HC;
				INFOPLIST_FILE = UploadUITests/Info.plist;
				LD_RUNPATH_SEARCH_PATHS = (
					"$(inherited)",
					"@executable_path/../Frameworks",
					"@loader_path/../Frameworks",
				);
				PRODUCT_BUNDLE_IDENTIFIER = com.kashjack.i.www.UploadUITests;
				PRODUCT_NAME = "$(TARGET_NAME)";
				SWIFT_VERSION = 5.0;
				TEST_TARGET_NAME = Upload;
			};
			name = Release;
		};
/* End XCBuildConfiguration section */

/* Begin XCConfigurationList section */
		55B23ACA25C7D5FC00ED8733 /* Build configuration list for PBXProject "Upload" */ = {
			isa = XCConfigurationList;
			buildConfigurations = (
				55B23AF125C7D5FD00ED8733 /* Debug */,
				55B23AF225C7D5FD00ED8733 /* Release */,
			);
			defaultConfigurationIsVisible = 0;
			defaultConfigurationName = Release;
		};
		55B23AF325C7D5FD00ED8733 /* Build configuration list for PBXNativeTarget "Upload" */ = {
			isa = XCConfigurationList;
			buildConfigurations = (
				55B23AF425C7D5FD00ED8733 /* Debug */,
				55B23AF525C7D5FD00ED8733 /* Release */,
			);
			defaultConfigurationIsVisible = 0;
			defaultConfigurationName = Release;
		};
		55B23AF625C7D5FD00ED8733 /* Build configuration list for PBXNativeTarget "UploadTests" */ = {
			isa = XCConfigurationList;
			buildConfigurations = (
				55B23AF725C7D5FD00ED8733 /* Debug */,
				55B23AF825C7D5FD00ED8733 /* Release */,
			);
			defaultConfigurationIsVisible = 0;
			defaultConfigurationName = Release;
		};
		55B23AF925C7D5FD00ED8733 /* Build configuration list for PBXNativeTarget "UploadUITests" */ = {
			isa = XCConfigurationList;
			buildConfigurations = (
				55B23AFA25C7D5FD00ED8733 /* Debug */,
				55B23AFB25C7D5FD00ED8733 /* Release */,
			);
			defaultConfigurationIsVisible = 0;
			defaultConfigurationName = Release;
		};
/* End XCConfigurationList section */
	};
	rootObject = 55B23AC725C7D5FC00ED8733 /* Project object */;
}
